lockfile_version: 1
generated_at: '2026-04-13T04:31:41.346281Z'
nexus_version: 0.1.0
packages:
- name: context-harness
  path: /Users/lfan/Project/agent-nexus/.nexus/cache/github.com/fantasy-cc/context-harness/f5b4c4b8d7cebd86c150aea4a5d6b483f8302f71
  discovered:
    skills:
    - context-harness
    hooks_claude: false
    hooks_cursor: false
    commands: []
    agents: []
  deployed_to: &id001
  - claude
  - cursor
  - antigravity
- name: superpowers
  path: /Users/lfan/Project/agent-nexus/.nexus/cache/github.com/obra/superpowers/80021fce41e30e85941841697cf61fe196ceefcc
  discovered:
    skills:
    - using-git-worktrees
    - test-driven-development
    - systematic-debugging
    - using-superpowers
    - dispatching-parallel-agents
    - executing-plans
    - finishing-a-development-branch
    - brainstorming
    - writing-plans
    - requesting-code-review
    - receiving-code-review
    - writing-skills
    - verification-before-completion
    - subagent-driven-development
    hooks_claude: true
    hooks_cursor: true
    commands:
    - execute-plan
    - write-plan
    - brainstorm
    agents:
    - code-reviewer
  deployed_to: *id001
mcps:
  managed:
  - name: sequential-thinking
  - name: playwright
  - name: context7
  - name: nitan-mcp
  - name: github-mcp
    optional: true
  - name: notion-mcp
    optional: true

